{
  "name": "dropin",
  "version": "0.1.0",
  "lockfileVersion": 3,
  "requires": true,
  "packages": {
    "": {
      "name": "dropin",
      "version": "0.1.0",
      "dependencies": {
        "spotifly": "^0.1.1",
        "spotify-url-info": "^3.3.0",
        "youtubei.js": "^17.0.1"
      },
      "engines": {
        "node": ">=20"
      }
    },
    "node_modules/@bufbuild/protobuf": {
      "version": "2.12.0",
      "resolved": "https://registry.npmjs.org/@bufbuild/protobuf/-/protobuf-2.12.0.tgz",
      "integrity": "sha512-B/XlCaFIP8LOwzo+bz5uFzATYokcwCKQcghqnlfwSmM5eX/qTkvDBnDPs+gXtX/RyjxJ4DRikECcPJbyALA8FA=="
    },
    "node_modules/himalaya": {
      "version": "1.1.1",
      "resolved": "https://registry.npmjs.org/himalaya/-/himalaya-1.1.1.tgz",
      "integrity": "sha512-mJLY5tErGWtsw8hO2fJ2vK4IpG6S1AIgVkduRo4FqFJhgI2H3XLzgemRemk45zcnFyxNNpOfrIDle2KcnJM0lA==",
      "license": "ISC"
    },
    "node_modules/meriyah": {
      "version": "6.1.4",
      "resolved": "https://registry.npmjs.org/meriyah/-/meriyah-6.1.4.tgz",
      "integrity": "sha512-Sz8FzjzI0kN13GK/6MVEsVzMZEPvOhnmmI1lU5+/1cGOiK3QUahntrNNtdVeihrO7t9JpoH75iMNXg6R6uWflQ==",
      "engines": {
        "node": ">=18.0.0"
      }
    },
    "node_modules/spotifly": {
      "version": "0.1.1",
      "resolved": "https://registry.npmjs.org/spotifly/-/spotifly-0.1.1.tgz",
      "integrity": "sha512-dg6dQcwkEA0qp9DUwp2LPlhbZyobLkv5EEWXkrIET3YLGcUrHJx1lHNCMQwCFInK05Tm40l65LBt5+bwnKLIZQ==",
      "license": "MIT",
      "engines": {
        "node": ">=17.5.0"
      }
    },
    "node_modules/spotify-uri": {
      "version": "4.1.0",
      "resolved": "https://registry.npmjs.org/spotify-uri/-/spotify-uri-4.1.0.tgz",
      "integrity": "sha512-SFpBt8pQqO7DOFBsdUjv3GxGZAKYP7UqcTflfE7h3YL1lynl/6Motq7NERoJJR8eF9kXQRSpcdMmV5ou84rbng==",
      "license": "MIT",
      "engines": {
        "node": ">= 16"
      }
    },
    "node_modules/spotify-url-info": {
      "version": "3.3.0",
      "resolved": "https://registry.npmjs.org/spotify-url-info/-/spotify-url-info-3.3.0.tgz",
      "integrity": "sha512-Oln8MPghuttL6e2e8NyQg0MilZqEbMYawKZDAMbz1NpSX+on2bEtibKVBPYKlJGU/Lxvo/qXFqydMxa0fKCmwg==",
      "license": "MIT",
      "dependencies": {
        "himalaya": "~1.1.0",
        "spotify-uri": "~4.1.0"
      },
      "engines": {
        "node": ">= 12"
      }
    },
    "node_modules/youtubei.js": {
      "version": "17.0.1",
      "resolved": "https://registry.npmjs.org/youtubei.js/-/youtubei.js-17.0.1.tgz",
      "integrity": "sha512-1lO4b8UqMDzE0oh2qEGzbBOd4UYRdxn/4PdpRM7BGTHxM6ddsEsKZTu90jp8V9FHVgC2h1UirQyqoqLiKwl+Zg==",
      "funding": [
        "https://github.com/sponsors/LuanRT"
      ],
      "dependencies": {
        "@bufbuild/protobuf": "^2.0.0",
        "meriyah": "^6.1.4"
      }
    }
  }
}
